
Microsoft Visual Studio Solution File, Format Version 12.00
# Visual Studio Version 16
VisualStudioVersion = 16.0.30011.22
MinimumVisualStudioVersion = 10.0.40219.1
Project("{FAE04EC0-301F-11D3-BF4B-00C04F79EFBC}") = "chuong4.1", "chuong4.1.csproj", "{94A1E9EF-9043-4418-900C-895E971DDAF8}"
EndProject
Global
	GlobalSection(SolutionConfigurationPlatforms) = preSolution
		Debug|Any CPU = Debug|Any CPU
		Release|Any CPU = Release|Any CPU
	EndGlobalSection
	GlobalSection(ProjectConfigurationPlatforms) = postSolution
		{94A1E9EF-9043-4418-900C-895E971DDAF8}.Debug|Any CPU.ActiveCfg = Debug|Any CPU
		{94A1E9EF-9043-4418-900C-895E971DDAF8}.Debug|Any CPU.Build.0 = Debug|Any CPU
		{94A1E9EF-9043-4418-900C-895E971DDAF8}.Release|Any CPU.ActiveCfg = Release|Any CPU
		{94A1E9EF-9043-4418-900C-895E971DDAF8}.Release|Any CPU.Build.0 = Release|Any CPU
	EndGlobalSection
	GlobalSection(SolutionProperties) = preSolution
		HideSolutionNode = FALSE
	EndGlobalSection
	GlobalSection(ExtensibilityGlobals) = postSolution
		SolutionGuid = {38560280-CD40-4DC5-BB13-E73A4AFC2D93}
	EndGlobalSection
EndGlobal
